<?xml version="1.0" encoding="utf-8"?>
<Project ToolsVersion="4.0" xmlns="http://schemas.microsoft.com/developer/msbuild/2003">
  <ItemGroup>
    <Filter Include="Source Files">
      <UniqueIdentifier>{4FC737F1-C7A5-4376-A066-2A32D752A2FF}</UniqueIdentifier>
      <Extensions>cpp;c;cc;cxx;c++;cppm;ixx;def;odl;idl;hpj;bat;asm;asmx</Extensions>
    </Filter>
    <Filter Include="Header Files">
      <UniqueIdentifier>{93995380-89BD-4b04-88EB-625FBE52EBFB}</UniqueIdentifier>
      <Extensions>h;hh;hpp;hxx;h++;hm;inl;inc;ipp;xsd</Extensions>
    </Filter>
    <Filter Include="Resource Files">
      <UniqueIdentifier>{67DA6AB6-F800-4c08-8B7A-83BB121AAD01}</UniqueIdentifier>
      <Extensions>rc;ico;cur;bmp;dlg;rc2;rct;bin;rgs;gif;jpg;jpeg;jpe;resx;tiff;tif;png;wav;mfcribbon-ms</Extensions>
    </Filter>
  </ItemGroup>
  <ItemGroup>
    <ClInclude Include="inc\tiny\clexer.h">
      <Filter>Header Files</Filter>
    </ClInclude>
    <ClInclude Include="inc\tiny\cparser.h">
      <Filter>Header Files</Filter>
    </ClInclude>
    <ClInclude Include="inc\tiny\cast.h">
      <Filter>Header Files</Filter>
    </ClInclude>
    <ClInclude Include="inc\tiny\etokenkind.h">
      <Filter>Header Files</Filter>
    </ClInclude>
    <ClInclude Include="inc\tiny\stokenvalue.h">
      <Filter>Header Files</Filter>
    </ClInclude>
    <ClInclude Include="inc\tiny\iastnode.h">
      <Filter>Header Files</Filter>
    </ClInclude>
    <ClInclude Include="inc\tiny\castnodestmt.h">
      <Filter>Header Files</Filter>
    </ClInclude>
    <ClInclude Include="inc\tiny\castnoderoot.h">
      <Filter>Header Files</Filter>
    </ClInclude>
    <ClInclude Include="inc\tiny\castnodestmtif.h">
      <Filter>Header Files</Filter>
    </ClInclude>
    <ClInclude Include="inc\tiny\castnodestmtrepeat.h">
      <Filter>Header Files</Filter>
    </ClInclude>
    <ClInclude Include="inc\tiny\castnodestmtassign.h">
      <Filter>Header Files</Filter>
    </ClInclude>
    <ClInclude Include="inc\tiny\castnodestmtread.h">
      <Filter>Header Files</Filter>
    </ClInclude>
    <ClInclude Include="inc\tiny\castnodestmtwrite.h">
      <Filter>Header Files</Filter>
    </ClInclude>
    <ClInclude Include="inc\tiny\castnodeexpop.h">
      <Filter>Header Files</Filter>
    </ClInclude>
    <ClInclude Include="inc\tiny\castnodeexpid.h">
      <Filter>Header Files</Filter>
    </ClInclude>
    <ClInclude Include="inc\tiny\castnodeexpnum.h">
      <Filter>Header Files</Filter>
    </ClInclude>
    <ClInclude Include="inc\tiny\castnodeexp.h">
      <Filter>Header Files</Filter>
    </ClInclude>
    <ClInclude Include="inc\tiny\castnodebase.h">
      <Filter>Header Files</Filter>
    </ClInclude>
    <ClInclude Include="inc\tiny\eastnodekind.h">
      <Filter>Header Files</Filter>
    </ClInclude>
    <ClInclude Include="inc\tiny\evmopcode.h">
      <Filter>Header Files</Filter>
    </ClInclude>
    <ClInclude Include="inc\tiny\svmop.h">
      <Filter>Header Files</Filter>
    </ClInclude>
    <ClInclude Include="inc\tiny\ctranslater.h">
      <Filter>Header Files</Filter>
    </ClInclude>
    <ClInclude Include="inc\tiny\cvmopbuffer.h">
      <Filter>Header Files</Filter>
    </ClInclude>
    <ClInclude Include="inc\tiny\cvmopbufferbuilder.h">
      <Filter>Header Files</Filter>
    </ClInclude>
    <ClInclude Include="inc\tiny\cvmlabel.h">
      <Filter>Header Files</Filter>
    </ClInclude>
    <ClInclude Include="inc\tiny\tiny.h">
      <Filter>Header Files</Filter>
    </ClInclude>
    <ClInclude Include="inc\tiny\cvirtualmachine.h">
      <Filter>Header Files</Filter>
    </ClInclude>
  </ItemGroup>
  <ItemGroup>
    <ClCompile Include="src\tiny\cast.cc">
      <Filter>Source Files</Filter>
    </ClCompile>
    <ClCompile Include="src\tiny\castnoderoot.cc">
      <Filter>Source Files</Filter>
    </ClCompile>
    <ClCompile Include="src\tiny\castnodestmt.cc">
      <Filter>Source Files</Filter>
    </ClCompile>
    <ClCompile Include="src\tiny\clexer.cc">
      <Filter>Source Files</Filter>
    </ClCompile>
    <ClCompile Include="src\tiny\cparser.cc">
      <Filter>Source Files</Filter>
    </ClCompile>
    <ClCompile Include="src\tiny\etokenkind.cc">
      <Filter>Source Files</Filter>
    </ClCompile>
    <ClCompile Include="src\tiny\castnodebase.cc">
      <Filter>Source Files</Filter>
    </ClCompile>
    <ClCompile Include="src\tiny\castnodeexpid.cc">
      <Filter>Source Files</Filter>
    </ClCompile>
    <ClCompile Include="src\tiny\castnodeexpnum.cc">
      <Filter>Source Files</Filter>
    </ClCompile>
    <ClCompile Include="src\tiny\castnodeexpop.cc">
      <Filter>Source Files</Filter>
    </ClCompile>
    <ClCompile Include="src\tiny\castnodestmtassign.cc">
      <Filter>Source Files</Filter>
    </ClCompile>
    <ClCompile Include="src\tiny\castnodestmtif.cc">
      <Filter>Source Files</Filter>
    </ClCompile>
    <ClCompile Include="src\tiny\castnodestmtrepeat.cc">
      <Filter>Source Files</Filter>
    </ClCompile>
    <ClCompile Include="src\tiny\eastnodekind.cc">
      <Filter>Source Files</Filter>
    </ClCompile>
    <ClCompile Include="src\tiny\evmopcode.cc">
      <Filter>Source Files</Filter>
    </ClCompile>
    <ClCompile Include="src\tiny\ctranslater.cc">
      <Filter>Source Files</Filter>
    </ClCompile>
    <ClCompile Include="src\tiny\svmop.cc">
      <Filter>Source Files</Filter>
    </ClCompile>
    <ClCompile Include="src\tiny\tiny.cc">
      <Filter>Source Files</Filter>
    </ClCompile>
    <ClCompile Include="src\tiny\cvirtualmachine.cc">
      <Filter>Source Files</Filter>
    </ClCompile>
    <ClCompile Include="inc\tiny\cvmopbufferbuilder.cc">
      <Filter>Source Files</Filter>
    </ClCompile>
    <ClCompile Include="src\tiny\csymboltable.cc">
      <Filter>Source Files</Filter>
    </ClCompile>
  </ItemGroup>
</Project>